
Microsoft Visual Studio Solution File, Format Version 12.00
# Visual Studio Version 16
VisualStudioVersion = 16.0.30225.117
MinimumVisualStudioVersion = 10.0.40219.1
Project("{2150E333-8FDC-42A3-9474-1A3956D46DE8}") = "5 - Entities", "5 - Entities", "{1051C9EF-06F1-4FBB-816A-6C4FE40B04AD}"
EndProject
Project("{9A19103F-16F7-4668-BE54-9A1E7A4F7556}") = "Entities", "SampleProject.Entities\Entities.csproj", "{D40D3BD6-A57B-48BC-8E1B-BE054F143BE2}"
EndProject
Project("{2150E333-8FDC-42A3-9474-1A3956D46DE8}") = "4 - Infrastructure", "4 - Infrastructure", "{5BDEE61D-B8C7-4241-8162-AC59C34A5415}"
EndProject
Project("{9A19103F-16F7-4668-BE54-9A1E7A4F7556}") = "SampleProject.Infrastructure.Data", "SampleProject.Infrastructure.Data\SampleProject.Infrastructure.Data.csproj", "{F3B9B348-B908-4543-A34B-F32DD07476CA}"
EndProject
Project("{2150E333-8FDC-42A3-9474-1A3956D46DE8}") = "1 - Services", "1 - Services", "{DA23CEF4-6587-456C-95EE-A9B60F59A201}"
EndProject
Project("{9A19103F-16F7-4668-BE54-9A1E7A4F7556}") = "SampleProject.API", "SampleProject.API\SampleProject.API.csproj", "{2CBD5DE2-CC83-4FDC-B7CE-3A4117A68226}"
EndProject
Project("{2150E333-8FDC-42A3-9474-1A3956D46DE8}") = "3 - Domain", "3 - Domain", "{B9E68C39-410E-40B7-A3E5-5F402C510F7D}"
EndProject
Project("{9A19103F-16F7-4668-BE54-9A1E7A4F7556}") = "SampleProject.Domain", "SampleProject.Domain\SampleProject.Domain.csproj", "{A07AF38C-857A-4752-905A-F3904BF9681B}"
EndProject
Project("{9A19103F-16F7-4668-BE54-9A1E7A4F7556}") = "SampleProject.Infrastructure.CrossCutting.IoC", "SampleProject.Infrastructure.CrossCutting.IoC\SampleProject.Infrastructure.CrossCutting.IoC.csproj", "{B388DBA8-E645-4FB9-8108-0977A4F8AF6D}"
EndProject
Project("{2150E333-8FDC-42A3-9474-1A3956D46DE8}") = "2 - Application", "2 - Application", "{C46B434D-132D-47C8-BD9F-854D69299BA3}"
EndProject
Project("{FAE04EC0-301F-11D3-BF4B-00C04F79EFBC}") = "SampleProject.Application", "SampleProject.Application\SampleProject.Application.csproj", "{97C5834A-9CE1-4AEF-95C2-1ABBBF2EDF30}"
EndProject
Global
	GlobalSection(SolutionConfigurationPlatforms) = preSolution
		Debug|Any CPU = Debug|Any CPU
		Release|Any CPU = Release|Any CPU
	EndGlobalSection
	GlobalSection(ProjectConfigurationPlatforms) = postSolution
		{D40D3BD6-A57B-48BC-8E1B-BE054F143BE2}.Debug|Any CPU.ActiveCfg = Debug|Any CPU
		{D40D3BD6-A57B-48BC-8E1B-BE054F143BE2}.Debug|Any CPU.Build.0 = Debug|Any CPU
		{D40D3BD6-A57B-48BC-8E1B-BE054F143BE2}.Release|Any CPU.ActiveCfg = Release|Any CPU
		{D40D3BD6-A57B-48BC-8E1B-BE054F143BE2}.Release|Any CPU.Build.0 = Release|Any CPU
		{F3B9B348-B908-4543-A34B-F32DD07476CA}.Debug|Any CPU.ActiveCfg = Debug|Any CPU
		{F3B9B348-B908-4543-A34B-F32DD07476CA}.Debug|Any CPU.Build.0 = Debug|Any CPU
		{F3B9B348-B908-4543-A34B-F32DD07476CA}.Release|Any CPU.ActiveCfg = Release|Any CPU
		{F3B9B348-B908-4543-A34B-F32DD07476CA}.Release|Any CPU.Build.0 = Release|Any CPU
		{2CBD5DE2-CC83-4FDC-B7CE-3A4117A68226}.Debug|Any CPU.ActiveCfg = Debug|Any CPU
		{2CBD5DE2-CC83-4FDC-B7CE-3A4117A68226}.Debug|Any CPU.Build.0 = Debug|Any CPU
		{2CBD5DE2-CC83-4FDC-B7CE-3A4117A68226}.Release|Any CPU.ActiveCfg = Release|Any CPU
		{2CBD5DE2-CC83-4FDC-B7CE-3A4117A68226}.Release|Any CPU.Build.0 = Release|Any CPU
		{A07AF38C-857A-4752-905A-F3904BF9681B}.Debug|Any CPU.ActiveCfg = Debug|Any CPU
		{A07AF38C-857A-4752-905A-F3904BF9681B}.Debug|Any CPU.Build.0 = Debug|Any CPU
		{A07AF38C-857A-4752-905A-F3904BF9681B}.Release|Any CPU.ActiveCfg = Release|Any CPU
		{A07AF38C-857A-4752-905A-F3904BF9681B}.Release|Any CPU.Build.0 = Release|Any CPU
		{B388DBA8-E645-4FB9-8108-0977A4F8AF6D}.Debug|Any CPU.ActiveCfg = Debug|Any CPU
		{B388DBA8-E645-4FB9-8108-0977A4F8AF6D}.Debug|Any CPU.Build.0 = Debug|Any CPU
		{B388DBA8-E645-4FB9-8108-0977A4F8AF6D}.Release|Any CPU.ActiveCfg = Release|Any CPU
		{B388DBA8-E645-4FB9-8108-0977A4F8AF6D}.Release|Any CPU.Build.0 = Release|Any CPU
		{97C5834A-9CE1-4AEF-95C2-1ABBBF2EDF30}.Debug|Any CPU.ActiveCfg = Debug|Any CPU
		{97C5834A-9CE1-4AEF-95C2-1ABBBF2EDF30}.Debug|Any CPU.Build.0 = Debug|Any CPU
		{97C5834A-9CE1-4AEF-95C2-1ABBBF2EDF30}.Release|Any CPU.ActiveCfg = Release|Any CPU
		{97C5834A-9CE1-4AEF-95C2-1ABBBF2EDF30}.Release|Any CPU.Build.0 = Release|Any CPU
	EndGlobalSection
	GlobalSection(SolutionProperties) = preSolution
		HideSolutionNode = FALSE
	EndGlobalSection
	GlobalSection(NestedProjects) = preSolution
		{D40D3BD6-A57B-48BC-8E1B-BE054F143BE2} = {1051C9EF-06F1-4FBB-816A-6C4FE40B04AD}
		{F3B9B348-B908-4543-A34B-F32DD07476CA} = {5BDEE61D-B8C7-4241-8162-AC59C34A5415}
		{2CBD5DE2-CC83-4FDC-B7CE-3A4117A68226} = {DA23CEF4-6587-456C-95EE-A9B60F59A201}
		{A07AF38C-857A-4752-905A-F3904BF9681B} = {B9E68C39-410E-40B7-A3E5-5F402C510F7D}
		{B388DBA8-E645-4FB9-8108-0977A4F8AF6D} = {5BDEE61D-B8C7-4241-8162-AC59C34A5415}
		{97C5834A-9CE1-4AEF-95C2-1ABBBF2EDF30} = {C46B434D-132D-47C8-BD9F-854D69299BA3}
	EndGlobalSection
	GlobalSection(ExtensibilityGlobals) = postSolution
		SolutionGuid = {2B01A53F-6509-4CEF-828A-7AD67E3019AF}
	EndGlobalSection
EndGlobal
